
Microsoft Visual Studio Solution File, Format Version 12.00
# Visual Studio 14
VisualStudioVersion = 14.0.25123.0
MinimumVisualStudioVersion = 10.0.40219.1
Project("{2150E333-8FDC-42A3-9474-1A3956D46DE8}") = "src", "src", "{2CDD0A70-08EA-4683-A44D-D9F714CC5959}"
EndProject
Project("{2150E333-8FDC-42A3-9474-1A3956D46DE8}") = "Solution Items", "Solution Items", "{74094E61-ECAC-4ED2-B0B5-1AF0A3FA2F27}"
	ProjectSection(SolutionItems) = preProject
		global.json = global.json
	EndProjectSection
EndProject
Project("{8BB2217D-0F2D-49D1-97BC-3654ED321F3B}") = "WebAPIDemo", "src\WebAPIDemo\WebAPIDemo.xproj", "{68A2E8FE-8955-4D86-B805-494282F8BBC4}"
EndProject
Global
	GlobalSection(SolutionConfigurationPlatforms) = preSolution
		Debug|Any CPU = Debug|Any CPU
		Release|Any CPU = Release|Any CPU
	EndGlobalSection
	GlobalSection(ProjectConfigurationPlatforms) = postSolution
		{68A2E8FE-8955-4D86-B805-494282F8BBC4}.Debug|Any CPU.ActiveCfg = Debug|Any CPU
		{68A2E8FE-8955-4D86-B805-494282F8BBC4}.Debug|Any CPU.Build.0 = Debug|Any CPU
		{68A2E8FE-8955-4D86-B805-494282F8BBC4}.Release|Any CPU.ActiveCfg = Release|Any CPU
		{68A2E8FE-8955-4D86-B805-494282F8BBC4}.Release|Any CPU.Build.0 = Release|Any CPU
	EndGlobalSection
	GlobalSection(SolutionProperties) = preSolution
		HideSolutionNode = FALSE
	EndGlobalSection
	GlobalSection(NestedProjects) = preSolution
		{68A2E8FE-8955-4D86-B805-494282F8BBC4} = {2CDD0A70-08EA-4683-A44D-D9F714CC5959}
	EndGlobalSection
EndGlobal
